// !$*UTF8*$!
{
	archiveVersion = 1;
	classes = {
	};
	objectVersion = 46;
	objects = {

/* Begin PBXBuildFile section */
		C508B6D415EDF5440079DDB7 /* Cocoa.framework in Frameworks */ = {isa = PBXBuildFile; fileRef = C508B6D315EDF5440079DDB7 /* Cocoa.framework */; };
		C508B6DE15EDF5440079DDB7 /* InfoPlist.strings in Resources */ = {isa = PBXBuildFile; fileRef = C508B6DC15EDF5440079DDB7 /* InfoPlist.strings */; };
		C508B6E015EDF5440079DDB7 /* main.m in Sources */ = {isa = PBXBuildFile; fileRef = C508B6DF15EDF5440079DDB7 /* main.m */; };
		C508B6E415EDF5440079DDB7 /* Credits.rtf in Resources */ = {isa = PBXBuildFile; fileRef = C508B6E215EDF5440079DDB7 /* Credits.rtf */; };
		C508B6E715EDF5440079DDB7 /* YAppDelegate.m in Sources */ = {isa = PBXBuildFile; fileRef = C508B6E615EDF5440079DDB7 /* YAppDelegate.m */; };
		C508B6EA15EDF5440079DDB7 /* MainMenu.xib in Resources */ = {isa = PBXBuildFile; fileRef = C508B6E815EDF5440079DDB7 /* MainMenu.xib */; };
/* End PBXBuildFile section */

/* Begin PBXFileReference section */
		C508B6CF15EDF5440079DDB7 /* langtest.app */ = {isa = PBXFileReference; explicitFileType = wrapper.application; includeInIndex = 0; path = langtest.app; sourceTree = BUILT_PRODUCTS_DIR; };
		C508B6D315EDF5440079DDB7 /* Cocoa.framework */ = {isa = PBXFileReference; lastKnownFileType = wrapper.framework; name = Cocoa.framework; path = System/Library/Frameworks/Cocoa.framework; sourceTree = SDKROOT; };
		C508B6D615EDF5440079DDB7 /* AppKit.framework */ = {isa = PBXFileReference; lastKnownFileType = wrapper.framework; name = AppKit.framework; path = System/Library/Frameworks/AppKit.framework; sourceTree = SDKROOT; };
		C508B6D715EDF5440079DDB7 /* CoreData.framework */ = {isa = PBXFileReference; lastKnownFileType = wrapper.framework; name = CoreData.framework; path = System/Library/Frameworks/CoreData.framework; sourceTree = SDKROOT; };
		C508B6D815EDF5440079DDB7 /* Foundation.framework */ = {isa = PBXFileReference; lastKnownFileType = wrapper.framework; name = Foundation.framework; path = System/Library/Frameworks/Foundation.framework; sourceTree = SDKROOT; };
		C508B6DB15EDF5440079DDB7 /* langtest-Info.plist */ = {isa = PBXFileReference; lastKnownFileType = text.plist.xml; path = "langtest-Info.plist"; sourceTree = "<group>"; };
		C508B6DD15EDF5440079DDB7 /* en */ = {isa = PBXFileReference; lastKnownFileType = text.plist.strings; name = en; path = en.lproj/InfoPlist.strings; sourceTree = "<group>"; };
		C508B6DF15EDF5440079DDB7 /* main.m */ = {isa = PBXFileReference; lastKnownFileType = sourcecode.c.objc; path = main.m; sourceTree = "<group>"; };
		C508B6E115EDF5440079DDB7 /* langtest-Prefix.pch */ = {isa = PBXFileReference; lastKnownFileType = sourcecode.c.h; path = "langtest-Prefix.pch"; sourceTree = "<group>"; };
		C508B6E315EDF5440079DDB7 /* en */ = {isa = PBXFileReference; lastKnownFileType = text.rtf; name = en; path = en.lproj/Credits.rtf; sourceTree = "<group>"; };
		C508B6E515EDF5440079DDB7 /* YAppDelegate.h */ = {isa = PBXFileReference; lastKnownFileType = sourcecode.c.h; path = YAppDelegate.h; sourceTree = "<group>"; };
		C508B6E615EDF5440079DDB7 /* YAppDelegate.m */ = {isa = PBXFileReference; lastKnownFileType = sourcecode.c.objc; path = YAppDelegate.m; sourceTree = "<group>"; };
		C508B6E915EDF5440079DDB7 /* en */ = {isa = PBXFileReference; lastKnownFileType = file.xib; name = en; path = en.lproj/MainMenu.xib; sourceTree = "<group>"; };
		C508B6FD15EE80840079DDB7 /* Contracts2.h */ = {isa = PBXFileReference; lastKnownFileType = sourcecode.c.h; path = Contracts2.h; sourceTree = "<group>"; };
/* End PBXFileReference section */

/* Begin PBXFrameworksBuildPhase section */
		C508B6CC15EDF5440079DDB7 /* Frameworks */ = {
			isa = PBXFrameworksBuildPhase;
			buildActionMask = 2147483647;
			files = (
				C508B6D415EDF5440079DDB7 /* Cocoa.framework in Frameworks */,
			);
			runOnlyForDeploymentPostprocessing = 0;
		};
/* End PBXFrameworksBuildPhase section */

/* Begin PBXGroup section */
		C508B6C415EDF5440079DDB7 = {
			isa = PBXGroup;
			children = (
				C508B6FD15EE80840079DDB7 /* Contracts2.h */,
				C508B6D915EDF5440079DDB7 /* langtest */,
				C508B6D215EDF5440079DDB7 /* Frameworks */,
				C508B6D015EDF5440079DDB7 /* Products */,
			);
			sourceTree = "<group>";
		};
		C508B6D015EDF5440079DDB7 /* Products */ = {
			isa = PBXGroup;
			children = (
				C508B6CF15EDF5440079DDB7 /* langtest.app */,
			);
			name = Products;
			sourceTree = "<group>";
		};
		C508B6D215EDF5440079DDB7 /* Frameworks */ = {
			isa = PBXGroup;
			children = (
				C508B6D315EDF5440079DDB7 /* Cocoa.framework */,
				C508B6D515EDF5440079DDB7 /* Other Frameworks */,
			);
			name = Frameworks;
			sourceTree = "<group>";
		};
		C508B6D515EDF5440079DDB7 /* Other Frameworks */ = {
			isa = PBXGroup;
			children = (
				C508B6D615EDF5440079DDB7 /* AppKit.framework */,
				C508B6D715EDF5440079DDB7 /* CoreData.framework */,
				C508B6D815EDF5440079DDB7 /* Foundation.framework */,
			);
			name = "Other Frameworks";
			sourceTree = "<group>";
		};
		C508B6D915EDF5440079DDB7 /* langtest */ = {
			isa = PBXGroup;
			children = (
				C508B6E515EDF5440079DDB7 /* YAppDelegate.h */,
				C508B6E615EDF5440079DDB7 /* YAppDelegate.m */,
				C508B6E815EDF5440079DDB7 /* MainMenu.xib */,
				C508B6DA15EDF5440079DDB7 /* Supporting Files */,
			);
			path = langtest;
			sourceTree = "<group>";
		};
		C508B6DA15EDF5440079DDB7 /* Supporting Files */ = {
			isa = PBXGroup;
			children = (
				C508B6DB15EDF5440079DDB7 /* langtest-Info.plist */,
				C508B6DC15EDF5440079DDB7 /* InfoPlist.strings */,
				C508B6DF15EDF5440079DDB7 /* main.m */,
				C508B6E115EDF5440079DDB7 /* langtest-Prefix.pch */,
				C508B6E215EDF5440079DDB7 /* Credits.rtf */,
			);
			name = "Supporting Files";
			sourceTree = "<group>";
		};
/* End PBXGroup section */

/* Begin PBXNativeTarget section */
		C508B6CE15EDF5440079DDB7 /* langtest */ = {
			isa = PBXNativeTarget;
			buildConfigurationList = C508B6ED15EDF5440079DDB7 /* Build configuration list for PBXNativeTarget "langtest" */;
			buildPhases = (
				C508B6CB15EDF5440079DDB7 /* Sources */,
				C508B6CC15EDF5440079DDB7 /* Frameworks */,
				C508B6CD15EDF5440079DDB7 /* Resources */,
			);
			buildRules = (
			);
			dependencies = (
			);
			name = langtest;
			productName = langtest;
			productReference = C508B6CF15EDF5440079DDB7 /* langtest.app */;
			productType = "com.apple.product-type.application";
		};
/* End PBXNativeTarget section */

/* Begin PBXProject section */
		C508B6C615EDF5440079DDB7 /* Project object */ = {
			isa = PBXProject;
			attributes = {
				CLASSPREFIX = Y;
				LastUpgradeCheck = 0450;
				ORGANIZATIONNAME = "robot bubble bath LLC";
			};
			buildConfigurationList = C508B6C915EDF5440079DDB7 /* Build configuration list for PBXProject "langtest" */;
			compatibilityVersion = "Xcode 3.2";
			developmentRegion = English;
			hasScannedForEncodings = 0;
			knownRegions = (
				en,
			);
			mainGroup = C508B6C415EDF5440079DDB7;
			productRefGroup = C508B6D015EDF5440079DDB7 /* Products */;
			projectDirPath = "";
			projectRoot = "";
			targets = (
				C508B6CE15EDF5440079DDB7 /* langtest */,
			);
		};
/* End PBXProject section */

/* Begin PBXResourcesBuildPhase section */
		C508B6CD15EDF5440079DDB7 /* Resources */ = {
			isa = PBXResourcesBuildPhase;
			buildActionMask = 2147483647;
			files = (
				C508B6DE15EDF5440079DDB7 /* InfoPlist.strings in Resources */,
				C508B6E415EDF5440079DDB7 /* Credits.rtf in Resources */,
				C508B6EA15EDF5440079DDB7 /* MainMenu.xib in Resources */,
			);
			runOnlyForDeploymentPostprocessing = 0;
		};
/* End PBXResourcesBuildPhase section */

/* Begin PBXSourcesBuildPhase section */
		C508B6CB15EDF5440079DDB7 /* Sources */ = {
			isa = PBXSourcesBuildPhase;
			buildActionMask = 2147483647;
			files = (
				C508B6E015EDF5440079DDB7 /* main.m in Sources */,
				C508B6E715EDF5440079DDB7 /* YAppDelegate.m in Sources */,
			);
			runOnlyForDeploymentPostprocessing = 0;
		};
/* End PBXSourcesBuildPhase section */

/* Begin PBXVariantGroup section */
		C508B6DC15EDF5440079DDB7 /* InfoPlist.strings */ = {
			isa = PBXVariantGroup;
			children = (
				C508B6DD15EDF5440079DDB7 /* en */,
			);
			name = InfoPlist.strings;
			sourceTree = "<group>";
		};
		C508B6E215EDF5440079DDB7 /* Credits.rtf */ = {
			isa = PBXVariantGroup;
			children = (
				C508B6E315EDF5440079DDB7 /* en */,
			);
			name = Credits.rtf;
			sourceTree = "<group>";
		};
		C508B6E815EDF5440079DDB7 /* MainMenu.xib */ = {
			isa = PBXVariantGroup;
			children = (
				C508B6E915EDF5440079DDB7 /* en */,
			);
			name = MainMenu.xib;
			sourceTree = "<group>";
		};
/* End PBXVariantGroup section */

/* Begin XCBuildConfiguration section */
		C508B6EB15EDF5440079DDB7 /* Debug */ = {
			isa = XCBuildConfiguration;
			buildSettings = {
				ALWAYS_SEARCH_USER_PATHS = NO;
				ARCHS = "$(ARCHS_STANDARD_64_BIT)";
				CLANG_CXX_LANGUAGE_STANDARD = "gnu++0x";
				CLANG_CXX_LIBRARY = "libc++";
				CLANG_ENABLE_OBJC_ARC = YES;
				CLANG_WARN__DUPLICATE_METHOD_MATCH = YES;
				COPY_PHASE_STRIP = NO;
				GCC_C_LANGUAGE_STANDARD = gnu99;
				GCC_DYNAMIC_NO_PIC = NO;
				GCC_ENABLE_OBJC_EXCEPTIONS = YES;
				GCC_OPTIMIZATION_LEVEL = 0;
				GCC_PREPROCESSOR_DEFINITIONS = (
					"DEBUG=1",
					"$(inherited)",
				);
				GCC_SYMBOLS_PRIVATE_EXTERN = NO;
				GCC_WARN_64_TO_32_BIT_CONVERSION = YES;
				GCC_WARN_ABOUT_RETURN_TYPE = YES;
				GCC_WARN_UNINITIALIZED_AUTOS = YES;
				GCC_WARN_UNUSED_VARIABLE = YES;
				MACOSX_DEPLOYMENT_TARGET = 10.8;
				ONLY_ACTIVE_ARCH = YES;
				SDKROOT = macosx;
			};
			name = Debug;
		};
		C508B6EC15EDF5440079DDB7 /* Release */ = {
			isa = XCBuildConfiguration;
			buildSettings = {
				ALWAYS_SEARCH_USER_PATHS = NO;
				ARCHS = "$(ARCHS_STANDARD_64_BIT)";
				CLANG_CXX_LANGUAGE_STANDARD = "gnu++0x";
				CLANG_CXX_LIBRARY = "libc++";
				CLANG_ENABLE_OBJC_ARC = YES;
				CLANG_WARN__DUPLICATE_METHOD_MATCH = YES;
				COPY_PHASE_STRIP = YES;
				DEBUG_INFORMATION_FORMAT = "dwarf-with-dsym";
				GCC_C_LANGUAGE_STANDARD = gnu99;
				GCC_ENABLE_OBJC_EXCEPTIONS = YES;
				GCC_WARN_64_TO_32_BIT_CONVERSION = YES;
				GCC_WARN_ABOUT_RETURN_TYPE = YES;
				GCC_WARN_UNINITIALIZED_AUTOS = YES;
				GCC_WARN_UNUSED_VARIABLE = YES;
				MACOSX_DEPLOYMENT_TARGET = 10.8;
				SDKROOT = macosx;
			};
			name = Release;
		};
		C508B6EE15EDF5440079DDB7 /* Debug */ = {
			isa = XCBuildConfiguration;
			buildSettings = {
				COMBINE_HIDPI_IMAGES = YES;
				GCC_PRECOMPILE_PREFIX_HEADER = YES;
				GCC_PREFIX_HEADER = "langtest/langtest-Prefix.pch";
				INFOPLIST_FILE = "langtest/langtest-Info.plist";
				PRODUCT_NAME = "$(TARGET_NAME)";
				WRAPPER_EXTENSION = app;
			};
			name = Debug;
		};
		C508B6EF15EDF5440079DDB7 /* Release */ = {
			isa = XCBuildConfiguration;
			buildSettings = {
				COMBINE_HIDPI_IMAGES = YES;
				GCC_PRECOMPILE_PREFIX_HEADER = YES;
				GCC_PREFIX_HEADER = "langtest/langtest-Prefix.pch";
				INFOPLIST_FILE = "langtest/langtest-Info.plist";
				PRODUCT_NAME = "$(TARGET_NAME)";
				WRAPPER_EXTENSION = app;
			};
			name = Release;
		};
/* End XCBuildConfiguration section */

/* Begin XCConfigurationList section */
		C508B6C915EDF5440079DDB7 /* Build configuration list for PBXProject "langtest" */ = {
			isa = XCConfigurationList;
			buildConfigurations = (
				C508B6EB15EDF5440079DDB7 /* Debug */,
				C508B6EC15EDF5440079DDB7 /* Release */,
			);
			defaultConfigurationIsVisible = 0;
			defaultConfigurationName = Release;
		};
		C508B6ED15EDF5440079DDB7 /* Build configuration list for PBXNativeTarget "langtest" */ = {
			isa = XCConfigurationList;
			buildConfigurations = (
				C508B6EE15EDF5440079DDB7 /* Debug */,
				C508B6EF15EDF5440079DDB7 /* Release */,
			);
			defaultConfigurationIsVisible = 0;
		};
/* End XCConfigurationList section */
	};
	rootObject = C508B6C615EDF5440079DDB7 /* Project object */;
}
