// !$*UTF8*$!
{
	archiveVersion = 1;
	classes = {
	};
	objectVersion = 46;
	objects = {

/* Begin PBXBuildFile section */
		C536D18615F595E200FBCF7C /* UIKit.framework in Frameworks */ = {isa = PBXBuildFile; fileRef = C536D18515F595E200FBCF7C /* UIKit.framework */; };
		C536D18715F595E200FBCF7C /* Foundation.framework in Frameworks */ = {isa = PBXBuildFile; fileRef = C5581C5715EF8CE60024456F /* Foundation.framework */; };
		C536D18915F595E200FBCF7C /* CoreGraphics.framework in Frameworks */ = {isa = PBXBuildFile; fileRef = C536D18815F595E200FBCF7C /* CoreGraphics.framework */; };
		C536D18F15F595E200FBCF7C /* InfoPlist.strings in Resources */ = {isa = PBXBuildFile; fileRef = C536D18D15F595E200FBCF7C /* InfoPlist.strings */; };
		C536D19115F595E200FBCF7C /* main.m in Sources */ = {isa = PBXBuildFile; fileRef = C536D19015F595E200FBCF7C /* main.m */; };
		C536D19515F595E200FBCF7C /* YAppDelegate.m in Sources */ = {isa = PBXBuildFile; fileRef = C536D19415F595E200FBCF7C /* YAppDelegate.m */; };
		C536D19815F595E200FBCF7C /* YViewController.m in Sources */ = {isa = PBXBuildFile; fileRef = C536D19715F595E200FBCF7C /* YViewController.m */; };
		C536D19B15F595E200FBCF7C /* YViewController_iPhone.xib in Resources */ = {isa = PBXBuildFile; fileRef = C536D19915F595E200FBCF7C /* YViewController_iPhone.xib */; };
		C536D19E15F595E200FBCF7C /* YViewController_iPad.xib in Resources */ = {isa = PBXBuildFile; fileRef = C536D19C15F595E200FBCF7C /* YViewController_iPad.xib */; };
		C536D1A615F595E200FBCF7C /* SenTestingKit.framework in Frameworks */ = {isa = PBXBuildFile; fileRef = C536D1A515F595E200FBCF7C /* SenTestingKit.framework */; };
		C536D1A715F595E200FBCF7C /* UIKit.framework in Frameworks */ = {isa = PBXBuildFile; fileRef = C536D18515F595E200FBCF7C /* UIKit.framework */; };
		C536D1A815F595E200FBCF7C /* Foundation.framework in Frameworks */ = {isa = PBXBuildFile; fileRef = C5581C5715EF8CE60024456F /* Foundation.framework */; };
		C536D1B015F595E200FBCF7C /* InfoPlist.strings in Resources */ = {isa = PBXBuildFile; fileRef = C536D1AE15F595E200FBCF7C /* InfoPlist.strings */; };
		C536D1B315F595E200FBCF7C /* ContractsDemoTests.m in Sources */ = {isa = PBXBuildFile; fileRef = C536D1B215F595E200FBCF7C /* ContractsDemoTests.m */; };
		C5C5D5FE15F606A4003F5398 /* MyClass.m in Sources */ = {isa = PBXBuildFile; fileRef = C5C5D5FD15F606A4003F5398 /* MyClass.m */; };
		C5C5D60815F6080B003F5398 /* Contracts2.m in Sources */ = {isa = PBXBuildFile; fileRef = C5C5D60115F6080B003F5398 /* Contracts2.m */; };
		C5C5D60915F6080B003F5398 /* EXTRuntimeExtensions.m in Sources */ = {isa = PBXBuildFile; fileRef = C5C5D60315F6080B003F5398 /* EXTRuntimeExtensions.m */; };
		C5C5D60A15F6080B003F5398 /* NSInvocation+EXT.m in Sources */ = {isa = PBXBuildFile; fileRef = C5C5D60515F6080B003F5398 /* NSInvocation+EXT.m */; };
		C5C5D60B15F6080B003F5398 /* NSObject+Contracts.m in Sources */ = {isa = PBXBuildFile; fileRef = C5C5D60715F6080B003F5398 /* NSObject+Contracts.m */; };
		C5C5D60D15F60867003F5398 /* libPods.a in Frameworks */ = {isa = PBXBuildFile; fileRef = C5C5D60C15F60867003F5398 /* libPods.a */; };
/* End PBXBuildFile section */

/* Begin PBXContainerItemProxy section */
		C536D1A915F595E200FBCF7C /* PBXContainerItemProxy */ = {
			isa = PBXContainerItemProxy;
			containerPortal = C508B6C615EDF5440079DDB7 /* Project object */;
			proxyType = 1;
			remoteGlobalIDString = C536D18215F595E200FBCF7C;
			remoteInfo = ContractsDemo;
		};
/* End PBXContainerItemProxy section */

/* Begin PBXFileReference section */
		948126D997E8404A80194CAE /* Pods.xcconfig */ = {isa = PBXFileReference; includeInIndex = 1; lastKnownFileType = text.xcconfig; name = Pods.xcconfig; path = Pods/Pods.xcconfig; sourceTree = SOURCE_ROOT; };
		C508B6D615EDF5440079DDB7 /* AppKit.framework */ = {isa = PBXFileReference; lastKnownFileType = wrapper.framework; name = AppKit.framework; path = System/Library/Frameworks/AppKit.framework; sourceTree = SDKROOT; };
		C508B6D715EDF5440079DDB7 /* CoreData.framework */ = {isa = PBXFileReference; lastKnownFileType = wrapper.framework; name = CoreData.framework; path = System/Library/Frameworks/CoreData.framework; sourceTree = SDKROOT; };
		C508B6D815EDF5440079DDB7 /* Foundation.framework */ = {isa = PBXFileReference; lastKnownFileType = wrapper.framework; name = Foundation.framework; path = System/Library/Frameworks/Foundation.framework; sourceTree = SDKROOT; };
		C536D18315F595E200FBCF7C /* ContractsDemo.app */ = {isa = PBXFileReference; explicitFileType = wrapper.application; includeInIndex = 0; path = ContractsDemo.app; sourceTree = BUILT_PRODUCTS_DIR; };
		C536D18515F595E200FBCF7C /* UIKit.framework */ = {isa = PBXFileReference; lastKnownFileType = wrapper.framework; name = UIKit.framework; path = System/Library/Frameworks/UIKit.framework; sourceTree = SDKROOT; };
		C536D18815F595E200FBCF7C /* CoreGraphics.framework */ = {isa = PBXFileReference; lastKnownFileType = wrapper.framework; name = CoreGraphics.framework; path = System/Library/Frameworks/CoreGraphics.framework; sourceTree = SDKROOT; };
		C536D18C15F595E200FBCF7C /* ContractsDemo-Info.plist */ = {isa = PBXFileReference; lastKnownFileType = text.plist.xml; path = "ContractsDemo-Info.plist"; sourceTree = "<group>"; };
		C536D18E15F595E200FBCF7C /* en */ = {isa = PBXFileReference; lastKnownFileType = text.plist.strings; name = en; path = en.lproj/InfoPlist.strings; sourceTree = "<group>"; };
		C536D19015F595E200FBCF7C /* main.m */ = {isa = PBXFileReference; lastKnownFileType = sourcecode.c.objc; path = main.m; sourceTree = "<group>"; };
		C536D19215F595E200FBCF7C /* ContractsDemo-Prefix.pch */ = {isa = PBXFileReference; lastKnownFileType = sourcecode.c.h; path = "ContractsDemo-Prefix.pch"; sourceTree = "<group>"; };
		C536D19315F595E200FBCF7C /* YAppDelegate.h */ = {isa = PBXFileReference; lastKnownFileType = sourcecode.c.h; path = YAppDelegate.h; sourceTree = "<group>"; };
		C536D19415F595E200FBCF7C /* YAppDelegate.m */ = {isa = PBXFileReference; lastKnownFileType = sourcecode.c.objc; path = YAppDelegate.m; sourceTree = "<group>"; };
		C536D19615F595E200FBCF7C /* YViewController.h */ = {isa = PBXFileReference; lastKnownFileType = sourcecode.c.h; path = YViewController.h; sourceTree = "<group>"; };
		C536D19715F595E200FBCF7C /* YViewController.m */ = {isa = PBXFileReference; lastKnownFileType = sourcecode.c.objc; path = YViewController.m; sourceTree = "<group>"; };
		C536D19A15F595E200FBCF7C /* en */ = {isa = PBXFileReference; lastKnownFileType = file.xib; name = en; path = en.lproj/YViewController_iPhone.xib; sourceTree = "<group>"; };
		C536D19D15F595E200FBCF7C /* en */ = {isa = PBXFileReference; lastKnownFileType = file.xib; name = en; path = en.lproj/YViewController_iPad.xib; sourceTree = "<group>"; };
		C536D1A415F595E200FBCF7C /* ContractsDemoTests.octest */ = {isa = PBXFileReference; explicitFileType = wrapper.cfbundle; includeInIndex = 0; path = ContractsDemoTests.octest; sourceTree = BUILT_PRODUCTS_DIR; };
		C536D1A515F595E200FBCF7C /* SenTestingKit.framework */ = {isa = PBXFileReference; lastKnownFileType = wrapper.framework; name = SenTestingKit.framework; path = Library/Frameworks/SenTestingKit.framework; sourceTree = DEVELOPER_DIR; };
		C536D1AD15F595E200FBCF7C /* ContractsDemoTests-Info.plist */ = {isa = PBXFileReference; lastKnownFileType = text.plist.xml; path = "ContractsDemoTests-Info.plist"; sourceTree = "<group>"; };
		C536D1AF15F595E200FBCF7C /* en */ = {isa = PBXFileReference; lastKnownFileType = text.plist.strings; name = en; path = en.lproj/InfoPlist.strings; sourceTree = "<group>"; };
		C536D1B115F595E200FBCF7C /* ContractsDemoTests.h */ = {isa = PBXFileReference; lastKnownFileType = sourcecode.c.h; path = ContractsDemoTests.h; sourceTree = "<group>"; };
		C536D1B215F595E200FBCF7C /* ContractsDemoTests.m */ = {isa = PBXFileReference; lastKnownFileType = sourcecode.c.objc; path = ContractsDemoTests.m; sourceTree = "<group>"; };
		C5581C5715EF8CE60024456F /* Foundation.framework */ = {isa = PBXFileReference; includeInIndex = 1; lastKnownFileType = wrapper.framework; name = Foundation.framework; path = System/Library/Frameworks/Foundation.framework; sourceTree = SDKROOT; };
		C56A93E915F5C92500BD79CF /* ObjC-DesignByContract.h */ = {isa = PBXFileReference; lastKnownFileType = sourcecode.c.h; path = "ObjC-DesignByContract.h"; sourceTree = "<group>"; };
		C5C5D5FC15F606A4003F5398 /* MyClass.h */ = {isa = PBXFileReference; fileEncoding = 4; lastKnownFileType = sourcecode.c.h; path = MyClass.h; sourceTree = "<group>"; };
		C5C5D5FD15F606A4003F5398 /* MyClass.m */ = {isa = PBXFileReference; fileEncoding = 4; lastKnownFileType = sourcecode.c.objc; path = MyClass.m; sourceTree = "<group>"; };
		C5C5D60015F6080B003F5398 /* Contracts2.h */ = {isa = PBXFileReference; fileEncoding = 4; lastKnownFileType = sourcecode.c.h; path = Contracts2.h; sourceTree = "<group>"; };
		C5C5D60115F6080B003F5398 /* Contracts2.m */ = {isa = PBXFileReference; fileEncoding = 4; lastKnownFileType = sourcecode.c.objc; path = Contracts2.m; sourceTree = "<group>"; };
		C5C5D60215F6080B003F5398 /* EXTRuntimeExtensions.h */ = {isa = PBXFileReference; fileEncoding = 4; lastKnownFileType = sourcecode.c.h; path = EXTRuntimeExtensions.h; sourceTree = "<group>"; };
		C5C5D60315F6080B003F5398 /* EXTRuntimeExtensions.m */ = {isa = PBXFileReference; fileEncoding = 4; lastKnownFileType = sourcecode.c.objc; path = EXTRuntimeExtensions.m; sourceTree = "<group>"; };
		C5C5D60415F6080B003F5398 /* NSInvocation+EXT.h */ = {isa = PBXFileReference; fileEncoding = 4; lastKnownFileType = sourcecode.c.h; path = "NSInvocation+EXT.h"; sourceTree = "<group>"; };
		C5C5D60515F6080B003F5398 /* NSInvocation+EXT.m */ = {isa = PBXFileReference; fileEncoding = 4; lastKnownFileType = sourcecode.c.objc; path = "NSInvocation+EXT.m"; sourceTree = "<group>"; };
		C5C5D60615F6080B003F5398 /* NSObject+Contracts.h */ = {isa = PBXFileReference; fileEncoding = 4; lastKnownFileType = sourcecode.c.h; path = "NSObject+Contracts.h"; sourceTree = "<group>"; };
		C5C5D60715F6080B003F5398 /* NSObject+Contracts.m */ = {isa = PBXFileReference; fileEncoding = 4; lastKnownFileType = sourcecode.c.objc; path = "NSObject+Contracts.m"; sourceTree = "<group>"; };
		C5C5D60C15F60867003F5398 /* libPods.a */ = {isa = PBXFileReference; lastKnownFileType = file; name = libPods.a; path = "Pods/build/Release-iphoneos/libPods.a"; sourceTree = "<group>"; };
/* End PBXFileReference section */

/* Begin PBXFrameworksBuildPhase section */
		C536D18015F595E200FBCF7C /* Frameworks */ = {
			isa = PBXFrameworksBuildPhase;
			buildActionMask = 2147483647;
			files = (
				C5C5D60D15F60867003F5398 /* libPods.a in Frameworks */,
				C536D18615F595E200FBCF7C /* UIKit.framework in Frameworks */,
				C536D18715F595E200FBCF7C /* Foundation.framework in Frameworks */,
				C536D18915F595E200FBCF7C /* CoreGraphics.framework in Frameworks */,
			);
			runOnlyForDeploymentPostprocessing = 0;
		};
		C536D1A015F595E200FBCF7C /* Frameworks */ = {
			isa = PBXFrameworksBuildPhase;
			buildActionMask = 2147483647;
			files = (
				C536D1A615F595E200FBCF7C /* SenTestingKit.framework in Frameworks */,
				C536D1A715F595E200FBCF7C /* UIKit.framework in Frameworks */,
				C536D1A815F595E200FBCF7C /* Foundation.framework in Frameworks */,
			);
			runOnlyForDeploymentPostprocessing = 0;
		};
/* End PBXFrameworksBuildPhase section */

/* Begin PBXGroup section */
		C508B6C415EDF5440079DDB7 = {
			isa = PBXGroup;
			children = (
				C56A93E915F5C92500BD79CF /* ObjC-DesignByContract.h */,
				C5C5D5FF15F6080B003F5398 /* Contracts */,
				C536D18A15F595E200FBCF7C /* ContractsDemo */,
				C536D1AB15F595E200FBCF7C /* ContractsDemoTests */,
				C508B6D215EDF5440079DDB7 /* Frameworks */,
				C508B6D015EDF5440079DDB7 /* Products */,
				948126D997E8404A80194CAE /* Pods.xcconfig */,
			);
			sourceTree = "<group>";
		};
		C508B6D015EDF5440079DDB7 /* Products */ = {
			isa = PBXGroup;
			children = (
				C536D18315F595E200FBCF7C /* ContractsDemo.app */,
				C536D1A415F595E200FBCF7C /* ContractsDemoTests.octest */,
			);
			name = Products;
			sourceTree = "<group>";
		};
		C508B6D215EDF5440079DDB7 /* Frameworks */ = {
			isa = PBXGroup;
			children = (
				C5C5D60C15F60867003F5398 /* libPods.a */,
				C5581C5715EF8CE60024456F /* Foundation.framework */,
				C536D18515F595E200FBCF7C /* UIKit.framework */,
				C536D18815F595E200FBCF7C /* CoreGraphics.framework */,
				C536D1A515F595E200FBCF7C /* SenTestingKit.framework */,
				C508B6D515EDF5440079DDB7 /* Other Frameworks */,
			);
			name = Frameworks;
			sourceTree = "<group>";
		};
		C508B6D515EDF5440079DDB7 /* Other Frameworks */ = {
			isa = PBXGroup;
			children = (
				C508B6D615EDF5440079DDB7 /* AppKit.framework */,
				C508B6D715EDF5440079DDB7 /* CoreData.framework */,
				C508B6D815EDF5440079DDB7 /* Foundation.framework */,
			);
			name = "Other Frameworks";
			sourceTree = "<group>";
		};
		C536D18A15F595E200FBCF7C /* ContractsDemo */ = {
			isa = PBXGroup;
			children = (
				C5C5D5FC15F606A4003F5398 /* MyClass.h */,
				C5C5D5FD15F606A4003F5398 /* MyClass.m */,
				C536D19315F595E200FBCF7C /* YAppDelegate.h */,
				C536D19415F595E200FBCF7C /* YAppDelegate.m */,
				C536D19615F595E200FBCF7C /* YViewController.h */,
				C536D19715F595E200FBCF7C /* YViewController.m */,
				C536D19915F595E200FBCF7C /* YViewController_iPhone.xib */,
				C536D19C15F595E200FBCF7C /* YViewController_iPad.xib */,
				C536D18B15F595E200FBCF7C /* Supporting Files */,
			);
			path = ContractsDemo;
			sourceTree = "<group>";
		};
		C536D18B15F595E200FBCF7C /* Supporting Files */ = {
			isa = PBXGroup;
			children = (
				C536D18C15F595E200FBCF7C /* ContractsDemo-Info.plist */,
				C536D18D15F595E200FBCF7C /* InfoPlist.strings */,
				C536D19015F595E200FBCF7C /* main.m */,
				C536D19215F595E200FBCF7C /* ContractsDemo-Prefix.pch */,
			);
			name = "Supporting Files";
			sourceTree = "<group>";
		};
		C536D1AB15F595E200FBCF7C /* ContractsDemoTests */ = {
			isa = PBXGroup;
			children = (
				C536D1B115F595E200FBCF7C /* ContractsDemoTests.h */,
				C536D1B215F595E200FBCF7C /* ContractsDemoTests.m */,
				C536D1AC15F595E200FBCF7C /* Supporting Files */,
			);
			path = ContractsDemoTests;
			sourceTree = SOURCE_ROOT;
		};
		C536D1AC15F595E200FBCF7C /* Supporting Files */ = {
			isa = PBXGroup;
			children = (
				C536D1AD15F595E200FBCF7C /* ContractsDemoTests-Info.plist */,
				C536D1AE15F595E200FBCF7C /* InfoPlist.strings */,
			);
			name = "Supporting Files";
			sourceTree = "<group>";
		};
		C5C5D5FF15F6080B003F5398 /* Contracts */ = {
			isa = PBXGroup;
			children = (
				C5C5D60015F6080B003F5398 /* Contracts2.h */,
				C5C5D60115F6080B003F5398 /* Contracts2.m */,
				C5C5D60215F6080B003F5398 /* EXTRuntimeExtensions.h */,
				C5C5D60315F6080B003F5398 /* EXTRuntimeExtensions.m */,
				C5C5D60415F6080B003F5398 /* NSInvocation+EXT.h */,
				C5C5D60515F6080B003F5398 /* NSInvocation+EXT.m */,
				C5C5D60615F6080B003F5398 /* NSObject+Contracts.h */,
				C5C5D60715F6080B003F5398 /* NSObject+Contracts.m */,
			);
			path = Contracts;
			sourceTree = "<group>";
		};
/* End PBXGroup section */

/* Begin PBXNativeTarget section */
		C536D18215F595E200FBCF7C /* ContractsDemo */ = {
			isa = PBXNativeTarget;
			buildConfigurationList = C536D1B415F595E200FBCF7C /* Build configuration list for PBXNativeTarget "ContractsDemo" */;
			buildPhases = (
				C536D17F15F595E200FBCF7C /* Sources */,
				C536D18015F595E200FBCF7C /* Frameworks */,
				C536D18115F595E200FBCF7C /* Resources */,
				C536D1C915F59A3500FBCF7C /* Copy Pods Resources */,
			);
			buildRules = (
			);
			dependencies = (
			);
			name = ContractsDemo;
			productName = ContractsDemo;
			productReference = C536D18315F595E200FBCF7C /* ContractsDemo.app */;
			productType = "com.apple.product-type.application";
		};
		C536D1A315F595E200FBCF7C /* ContractsDemoTests */ = {
			isa = PBXNativeTarget;
			buildConfigurationList = C536D1B715F595E200FBCF7C /* Build configuration list for PBXNativeTarget "ContractsDemoTests" */;
			buildPhases = (
				C536D19F15F595E200FBCF7C /* Sources */,
				C536D1A015F595E200FBCF7C /* Frameworks */,
				C536D1A115F595E200FBCF7C /* Resources */,
				C536D1A215F595E200FBCF7C /* ShellScript */,
			);
			buildRules = (
			);
			dependencies = (
				C536D1AA15F595E200FBCF7C /* PBXTargetDependency */,
			);
			name = ContractsDemoTests;
			productName = ContractsDemoTests;
			productReference = C536D1A415F595E200FBCF7C /* ContractsDemoTests.octest */;
			productType = "com.apple.product-type.bundle";
		};
/* End PBXNativeTarget section */

/* Begin PBXProject section */
		C508B6C615EDF5440079DDB7 /* Project object */ = {
			isa = PBXProject;
			attributes = {
				CLASSPREFIX = Y;
				LastUpgradeCheck = 0450;
				ORGANIZATIONNAME = "robot bubble bath LLC";
			};
			buildConfigurationList = C508B6C915EDF5440079DDB7 /* Build configuration list for PBXProject "ObjC-DesignByContracts-experimental-2.0" */;
			compatibilityVersion = "Xcode 3.2";
			developmentRegion = English;
			hasScannedForEncodings = 0;
			knownRegions = (
				en,
			);
			mainGroup = C508B6C415EDF5440079DDB7;
			productRefGroup = C508B6D015EDF5440079DDB7 /* Products */;
			projectDirPath = "";
			projectRoot = "";
			targets = (
				C536D18215F595E200FBCF7C /* ContractsDemo */,
				C536D1A315F595E200FBCF7C /* ContractsDemoTests */,
			);
		};
/* End PBXProject section */

/* Begin PBXResourcesBuildPhase section */
		C536D18115F595E200FBCF7C /* Resources */ = {
			isa = PBXResourcesBuildPhase;
			buildActionMask = 2147483647;
			files = (
				C536D18F15F595E200FBCF7C /* InfoPlist.strings in Resources */,
				C536D19B15F595E200FBCF7C /* YViewController_iPhone.xib in Resources */,
				C536D19E15F595E200FBCF7C /* YViewController_iPad.xib in Resources */,
			);
			runOnlyForDeploymentPostprocessing = 0;
		};
		C536D1A115F595E200FBCF7C /* Resources */ = {
			isa = PBXResourcesBuildPhase;
			buildActionMask = 2147483647;
			files = (
				C536D1B015F595E200FBCF7C /* InfoPlist.strings in Resources */,
			);
			runOnlyForDeploymentPostprocessing = 0;
		};
/* End PBXResourcesBuildPhase section */

/* Begin PBXShellScriptBuildPhase section */
		C536D1A215F595E200FBCF7C /* ShellScript */ = {
			isa = PBXShellScriptBuildPhase;
			buildActionMask = 2147483647;
			files = (
			);
			inputPaths = (
			);
			outputPaths = (
			);
			runOnlyForDeploymentPostprocessing = 0;
			shellPath = /bin/sh;
			shellScript = "# Run the unit tests in this test bundle.\n\"${SYSTEM_DEVELOPER_DIR}/Tools/RunUnitTests\"\n";
		};
		C536D1C915F59A3500FBCF7C /* Copy Pods Resources */ = {
			isa = PBXShellScriptBuildPhase;
			buildActionMask = 2147483647;
			files = (
			);
			inputPaths = (
			);
			name = "Copy Pods Resources";
			outputPaths = (
			);
			runOnlyForDeploymentPostprocessing = 0;
			shellPath = /bin/sh;
			shellScript = "\"${SRCROOT}/Pods/Pods-resources.sh\"\n";
		};
/* End PBXShellScriptBuildPhase section */

/* Begin PBXSourcesBuildPhase section */
		C536D17F15F595E200FBCF7C /* Sources */ = {
			isa = PBXSourcesBuildPhase;
			buildActionMask = 2147483647;
			files = (
				C536D19115F595E200FBCF7C /* main.m in Sources */,
				C536D19515F595E200FBCF7C /* YAppDelegate.m in Sources */,
				C536D19815F595E200FBCF7C /* YViewController.m in Sources */,
				C5C5D5FE15F606A4003F5398 /* MyClass.m in Sources */,
				C5C5D60815F6080B003F5398 /* Contracts2.m in Sources */,
				C5C5D60915F6080B003F5398 /* EXTRuntimeExtensions.m in Sources */,
				C5C5D60A15F6080B003F5398 /* NSInvocation+EXT.m in Sources */,
				C5C5D60B15F6080B003F5398 /* NSObject+Contracts.m in Sources */,
			);
			runOnlyForDeploymentPostprocessing = 0;
		};
		C536D19F15F595E200FBCF7C /* Sources */ = {
			isa = PBXSourcesBuildPhase;
			buildActionMask = 2147483647;
			files = (
				C536D1B315F595E200FBCF7C /* ContractsDemoTests.m in Sources */,
			);
			runOnlyForDeploymentPostprocessing = 0;
		};
/* End PBXSourcesBuildPhase section */

/* Begin PBXTargetDependency section */
		C536D1AA15F595E200FBCF7C /* PBXTargetDependency */ = {
			isa = PBXTargetDependency;
			target = C536D18215F595E200FBCF7C /* ContractsDemo */;
			targetProxy = C536D1A915F595E200FBCF7C /* PBXContainerItemProxy */;
		};
/* End PBXTargetDependency section */

/* Begin PBXVariantGroup section */
		C536D18D15F595E200FBCF7C /* InfoPlist.strings */ = {
			isa = PBXVariantGroup;
			children = (
				C536D18E15F595E200FBCF7C /* en */,
			);
			name = InfoPlist.strings;
			sourceTree = "<group>";
		};
		C536D19915F595E200FBCF7C /* YViewController_iPhone.xib */ = {
			isa = PBXVariantGroup;
			children = (
				C536D19A15F595E200FBCF7C /* en */,
			);
			name = YViewController_iPhone.xib;
			sourceTree = "<group>";
		};
		C536D19C15F595E200FBCF7C /* YViewController_iPad.xib */ = {
			isa = PBXVariantGroup;
			children = (
				C536D19D15F595E200FBCF7C /* en */,
			);
			name = YViewController_iPad.xib;
			sourceTree = "<group>";
		};
		C536D1AE15F595E200FBCF7C /* InfoPlist.strings */ = {
			isa = PBXVariantGroup;
			children = (
				C536D1AF15F595E200FBCF7C /* en */,
			);
			name = InfoPlist.strings;
			sourceTree = "<group>";
		};
/* End PBXVariantGroup section */

/* Begin XCBuildConfiguration section */
		C508B6EB15EDF5440079DDB7 /* Debug */ = {
			isa = XCBuildConfiguration;
			buildSettings = {
				ALWAYS_SEARCH_USER_PATHS = NO;
				ARCHS = "$(ARCHS_STANDARD_32_BIT)";
				CLANG_CXX_LANGUAGE_STANDARD = "compiler-default";
				CLANG_CXX_LIBRARY = "compiler-default";
				CLANG_ENABLE_OBJC_ARC = YES;
				CLANG_WARN__DUPLICATE_METHOD_MATCH = YES;
				COPY_PHASE_STRIP = NO;
				DEBUG_INFORMATION_FORMAT = "dwarf-with-dsym";
				GCC_C_LANGUAGE_STANDARD = "compiler-default";
				GCC_DYNAMIC_NO_PIC = NO;
				GCC_ENABLE_OBJC_EXCEPTIONS = YES;
				GCC_OPTIMIZATION_LEVEL = 0;
				GCC_PREPROCESSOR_DEFINITIONS = (
					"DEBUG=1",
					"$(inherited)",
				);
				GCC_SYMBOLS_PRIVATE_EXTERN = NO;
				GCC_WARN_64_TO_32_BIT_CONVERSION = YES;
				GCC_WARN_ABOUT_RETURN_TYPE = YES;
				GCC_WARN_UNINITIALIZED_AUTOS = YES;
				GCC_WARN_UNUSED_VARIABLE = YES;
				MACH_O_TYPE = mh_execute;
				MACOSX_DEPLOYMENT_TARGET = "";
				ONLY_ACTIVE_ARCH = YES;
				RUN_CLANG_STATIC_ANALYZER = YES;
				SDKROOT = iphoneos;
			};
			name = Debug;
		};
		C508B6EC15EDF5440079DDB7 /* Release */ = {
			isa = XCBuildConfiguration;
			buildSettings = {
				ALWAYS_SEARCH_USER_PATHS = NO;
				ARCHS = "$(ARCHS_STANDARD_32_BIT)";
				CLANG_CXX_LANGUAGE_STANDARD = "compiler-default";
				CLANG_CXX_LIBRARY = "compiler-default";
				CLANG_ENABLE_OBJC_ARC = YES;
				CLANG_WARN__DUPLICATE_METHOD_MATCH = YES;
				COPY_PHASE_STRIP = YES;
				DEBUG_INFORMATION_FORMAT = "dwarf-with-dsym";
				GCC_C_LANGUAGE_STANDARD = "compiler-default";
				GCC_ENABLE_OBJC_EXCEPTIONS = YES;
				GCC_WARN_64_TO_32_BIT_CONVERSION = YES;
				GCC_WARN_ABOUT_RETURN_TYPE = YES;
				GCC_WARN_UNINITIALIZED_AUTOS = YES;
				GCC_WARN_UNUSED_VARIABLE = YES;
				MACH_O_TYPE = mh_execute;
				MACOSX_DEPLOYMENT_TARGET = "";
				RUN_CLANG_STATIC_ANALYZER = YES;
				SDKROOT = iphoneos;
			};
			name = Release;
		};
		C536D1B515F595E200FBCF7C /* Debug */ = {
			isa = XCBuildConfiguration;
			baseConfigurationReference = 948126D997E8404A80194CAE /* Pods.xcconfig */;
			buildSettings = {
				CLANG_CXX_LANGUAGE_STANDARD = "gnu++0x";
				CLANG_CXX_LIBRARY = "libc++";
				"CODE_SIGN_IDENTITY[sdk=iphoneos*]" = "iPhone Developer";
				GCC_C_LANGUAGE_STANDARD = gnu99;
				GCC_PRECOMPILE_PREFIX_HEADER = YES;
				GCC_PREFIX_HEADER = "ContractsDemo/ContractsDemo-Prefix.pch";
				INFOPLIST_FILE = "ContractsDemo/ContractsDemo-Info.plist";
				IPHONEOS_DEPLOYMENT_TARGET = 6.0;
				PRODUCT_NAME = "$(TARGET_NAME)";
				TARGETED_DEVICE_FAMILY = "1,2";
				WRAPPER_EXTENSION = app;
			};
			name = Debug;
		};
		C536D1B615F595E200FBCF7C /* Release */ = {
			isa = XCBuildConfiguration;
			baseConfigurationReference = 948126D997E8404A80194CAE /* Pods.xcconfig */;
			buildSettings = {
				CLANG_CXX_LANGUAGE_STANDARD = "gnu++0x";
				CLANG_CXX_LIBRARY = "libc++";
				"CODE_SIGN_IDENTITY[sdk=iphoneos*]" = "iPhone Developer";
				GCC_C_LANGUAGE_STANDARD = gnu99;
				GCC_PRECOMPILE_PREFIX_HEADER = YES;
				GCC_PREFIX_HEADER = "ContractsDemo/ContractsDemo-Prefix.pch";
				INFOPLIST_FILE = "ContractsDemo/ContractsDemo-Info.plist";
				IPHONEOS_DEPLOYMENT_TARGET = 6.0;
				OTHER_CFLAGS = "-DNS_BLOCK_ASSERTIONS=1";
				PRODUCT_NAME = "$(TARGET_NAME)";
				TARGETED_DEVICE_FAMILY = "1,2";
				VALIDATE_PRODUCT = YES;
				WRAPPER_EXTENSION = app;
			};
			name = Release;
		};
		C536D1B815F595E200FBCF7C /* Debug */ = {
			isa = XCBuildConfiguration;
			buildSettings = {
				BUNDLE_LOADER = "$(BUILT_PRODUCTS_DIR)/ContractsDemo.app/ContractsDemo";
				CLANG_CXX_LANGUAGE_STANDARD = "gnu++0x";
				CLANG_CXX_LIBRARY = "libc++";
				FRAMEWORK_SEARCH_PATHS = (
					"\"$(SDKROOT)/Developer/Library/Frameworks\"",
					"\"$(DEVELOPER_LIBRARY_DIR)/Frameworks\"",
				);
				GCC_C_LANGUAGE_STANDARD = gnu99;
				GCC_PRECOMPILE_PREFIX_HEADER = YES;
				GCC_PREFIX_HEADER = "ContractsDemo/ContractsDemo-Prefix.pch";
				INFOPLIST_FILE = "ContractsDemoTests/ContractsDemoTests-Info.plist";
				IPHONEOS_DEPLOYMENT_TARGET = 6.0;
				PRODUCT_NAME = "$(TARGET_NAME)";
				TEST_HOST = "$(BUNDLE_LOADER)";
				WRAPPER_EXTENSION = octest;
			};
			name = Debug;
		};
		C536D1B915F595E200FBCF7C /* Release */ = {
			isa = XCBuildConfiguration;
			buildSettings = {
				BUNDLE_LOADER = "$(BUILT_PRODUCTS_DIR)/ContractsDemo.app/ContractsDemo";
				CLANG_CXX_LANGUAGE_STANDARD = "gnu++0x";
				CLANG_CXX_LIBRARY = "libc++";
				FRAMEWORK_SEARCH_PATHS = (
					"\"$(SDKROOT)/Developer/Library/Frameworks\"",
					"\"$(DEVELOPER_LIBRARY_DIR)/Frameworks\"",
				);
				GCC_C_LANGUAGE_STANDARD = gnu99;
				GCC_PRECOMPILE_PREFIX_HEADER = YES;
				GCC_PREFIX_HEADER = "ContractsDemo/ContractsDemo-Prefix.pch";
				INFOPLIST_FILE = "ContractsDemoTests/ContractsDemoTests-Info.plist";
				IPHONEOS_DEPLOYMENT_TARGET = 6.0;
				PRODUCT_NAME = "$(TARGET_NAME)";
				TEST_HOST = "$(BUNDLE_LOADER)";
				VALIDATE_PRODUCT = YES;
				WRAPPER_EXTENSION = octest;
			};
			name = Release;
		};
/* End XCBuildConfiguration section */

/* Begin XCConfigurationList section */
		C508B6C915EDF5440079DDB7 /* Build configuration list for PBXProject "ObjC-DesignByContracts-experimental-2.0" */ = {
			isa = XCConfigurationList;
			buildConfigurations = (
				C508B6EB15EDF5440079DDB7 /* Debug */,
				C508B6EC15EDF5440079DDB7 /* Release */,
			);
			defaultConfigurationIsVisible = 0;
			defaultConfigurationName = Release;
		};
		C536D1B415F595E200FBCF7C /* Build configuration list for PBXNativeTarget "ContractsDemo" */ = {
			isa = XCConfigurationList;
			buildConfigurations = (
				C536D1B515F595E200FBCF7C /* Debug */,
				C536D1B615F595E200FBCF7C /* Release */,
			);
			defaultConfigurationIsVisible = 0;
			defaultConfigurationName = Release;
		};
		C536D1B715F595E200FBCF7C /* Build configuration list for PBXNativeTarget "ContractsDemoTests" */ = {
			isa = XCConfigurationList;
			buildConfigurations = (
				C536D1B815F595E200FBCF7C /* Debug */,
				C536D1B915F595E200FBCF7C /* Release */,
			);
			defaultConfigurationIsVisible = 0;
			defaultConfigurationName = Release;
		};
/* End XCConfigurationList section */
	};
	rootObject = C508B6C615EDF5440079DDB7 /* Project object */;
}
